
Microsoft Visual Studio Solution File, Format Version 12.00
# Visual Studio Version 17
VisualStudioVersion = 17.9.34728.123
MinimumVisualStudioVersion = 10.0.40219.1
Project("{9A19103F-16F7-4668-BE54-9A1E7A4F7556}") = "KnightsAPI", "KnightsAPI\KnightsAPI.csproj", "{A53BA28F-3345-4375-B522-0DF13E817B7B}"
EndProject
Project("{E53339B2-1760-4266-BCC7-CA923CBCF16C}") = "docker-compose", "docker-compose.dcproj", "{9DF4C127-EB02-4E6C-A8B7-1D8DD7052B21}"
EndProject
Project("{54A90642-561A-4BB1-A94E-469ADEE60C69}") = "knightsweb", "KnightsWEB\knightsweb.esproj", "{0570EE62-794E-4478-9F0E-16B0AD6AA3C1}"
EndProject
Global
	GlobalSection(SolutionConfigurationPlatforms) = preSolution
		Debug|Any CPU = Debug|Any CPU
		Release|Any CPU = Release|Any CPU
	EndGlobalSection
	GlobalSection(ProjectConfigurationPlatforms) = postSolution
		{A53BA28F-3345-4375-B522-0DF13E817B7B}.Debug|Any CPU.ActiveCfg = Debug|Any CPU
		{A53BA28F-3345-4375-B522-0DF13E817B7B}.Debug|Any CPU.Build.0 = Debug|Any CPU
		{A53BA28F-3345-4375-B522-0DF13E817B7B}.Release|Any CPU.ActiveCfg = Release|Any CPU
		{A53BA28F-3345-4375-B522-0DF13E817B7B}.Release|Any CPU.Build.0 = Release|Any CPU
		{9DF4C127-EB02-4E6C-A8B7-1D8DD7052B21}.Debug|Any CPU.ActiveCfg = Debug|Any CPU
		{9DF4C127-EB02-4E6C-A8B7-1D8DD7052B21}.Debug|Any CPU.Build.0 = Debug|Any CPU
		{9DF4C127-EB02-4E6C-A8B7-1D8DD7052B21}.Release|Any CPU.ActiveCfg = Release|Any CPU
		{9DF4C127-EB02-4E6C-A8B7-1D8DD7052B21}.Release|Any CPU.Build.0 = Release|Any CPU
		{0570EE62-794E-4478-9F0E-16B0AD6AA3C1}.Debug|Any CPU.ActiveCfg = Debug|Any CPU
		{0570EE62-794E-4478-9F0E-16B0AD6AA3C1}.Debug|Any CPU.Build.0 = Debug|Any CPU
		{0570EE62-794E-4478-9F0E-16B0AD6AA3C1}.Debug|Any CPU.Deploy.0 = Debug|Any CPU
		{0570EE62-794E-4478-9F0E-16B0AD6AA3C1}.Release|Any CPU.ActiveCfg = Release|Any CPU
		{0570EE62-794E-4478-9F0E-16B0AD6AA3C1}.Release|Any CPU.Build.0 = Release|Any CPU
		{0570EE62-794E-4478-9F0E-16B0AD6AA3C1}.Release|Any CPU.Deploy.0 = Release|Any CPU
	EndGlobalSection
	GlobalSection(SolutionProperties) = preSolution
		HideSolutionNode = FALSE
	EndGlobalSection
	GlobalSection(ExtensibilityGlobals) = postSolution
		SolutionGuid = {2C18A512-808D-468F-A787-2D88FDDF101F}
	EndGlobalSection
EndGlobal
